
Microsoft Visual Studio Solution File, Format Version 12.00
# Visual Studio 15
VisualStudioVersion = 15.0.26124.0
MinimumVisualStudioVersion = 15.0.26124.0
Project("{FAE04EC0-301F-11D3-BF4B-00C04F79EFBC}") = "QuickBuy.Dominio", "QuickBuy.Dominio\QuickBuy.Dominio.csproj", "{E803715E-3019-49A5-9051-14B651240CD1}"
EndProject
Project("{FAE04EC0-301F-11D3-BF4B-00C04F79EFBC}") = "QuickBuy.Repositorio", "QuickBuy.Repositorio\QuickBuy.Repositorio.csproj", "{2DB819E0-D09B-4656-A92D-1FEF25BFDF49}"
EndProject
Project("{FAE04EC0-301F-11D3-BF4B-00C04F79EFBC}") = "QuickBuy.Web", "QuickBuy.Web\QuickBuy.Web.csproj", "{4FA3C872-0D03-417A-83A1-5C04707E1492}"
EndProject
Global
	GlobalSection(SolutionConfigurationPlatforms) = preSolution
		Debug|Any CPU = Debug|Any CPU
		Debug|x64 = Debug|x64
		Debug|x86 = Debug|x86
		Release|Any CPU = Release|Any CPU
		Release|x64 = Release|x64
		Release|x86 = Release|x86
	EndGlobalSection
	GlobalSection(SolutionProperties) = preSolution
		HideSolutionNode = FALSE
	EndGlobalSection
	GlobalSection(ProjectConfigurationPlatforms) = postSolution
		{E803715E-3019-49A5-9051-14B651240CD1}.Debug|Any CPU.ActiveCfg = Debug|Any CPU
		{E803715E-3019-49A5-9051-14B651240CD1}.Debug|Any CPU.Build.0 = Debug|Any CPU
		{E803715E-3019-49A5-9051-14B651240CD1}.Debug|x64.ActiveCfg = Debug|Any CPU
		{E803715E-3019-49A5-9051-14B651240CD1}.Debug|x64.Build.0 = Debug|Any CPU
		{E803715E-3019-49A5-9051-14B651240CD1}.Debug|x86.ActiveCfg = Debug|Any CPU
		{E803715E-3019-49A5-9051-14B651240CD1}.Debug|x86.Build.0 = Debug|Any CPU
		{E803715E-3019-49A5-9051-14B651240CD1}.Release|Any CPU.ActiveCfg = Release|Any CPU
		{E803715E-3019-49A5-9051-14B651240CD1}.Release|Any CPU.Build.0 = Release|Any CPU
		{E803715E-3019-49A5-9051-14B651240CD1}.Release|x64.ActiveCfg = Release|Any CPU
		{E803715E-3019-49A5-9051-14B651240CD1}.Release|x64.Build.0 = Release|Any CPU
		{E803715E-3019-49A5-9051-14B651240CD1}.Release|x86.ActiveCfg = Release|Any CPU
		{E803715E-3019-49A5-9051-14B651240CD1}.Release|x86.Build.0 = Release|Any CPU
		{2DB819E0-D09B-4656-A92D-1FEF25BFDF49}.Debug|Any CPU.ActiveCfg = Debug|Any CPU
		{2DB819E0-D09B-4656-A92D-1FEF25BFDF49}.Debug|Any CPU.Build.0 = Debug|Any CPU
		{2DB819E0-D09B-4656-A92D-1FEF25BFDF49}.Debug|x64.ActiveCfg = Debug|Any CPU
		{2DB819E0-D09B-4656-A92D-1FEF25BFDF49}.Debug|x64.Build.0 = Debug|Any CPU
		{2DB819E0-D09B-4656-A92D-1FEF25BFDF49}.Debug|x86.ActiveCfg = Debug|Any CPU
		{2DB819E0-D09B-4656-A92D-1FEF25BFDF49}.Debug|x86.Build.0 = Debug|Any CPU
		{2DB819E0-D09B-4656-A92D-1FEF25BFDF49}.Release|Any CPU.ActiveCfg = Release|Any CPU
		{2DB819E0-D09B-4656-A92D-1FEF25BFDF49}.Release|Any CPU.Build.0 = Release|Any CPU
		{2DB819E0-D09B-4656-A92D-1FEF25BFDF49}.Release|x64.ActiveCfg = Release|Any CPU
		{2DB819E0-D09B-4656-A92D-1FEF25BFDF49}.Release|x64.Build.0 = Release|Any CPU
		{2DB819E0-D09B-4656-A92D-1FEF25BFDF49}.Release|x86.ActiveCfg = Release|Any CPU
		{2DB819E0-D09B-4656-A92D-1FEF25BFDF49}.Release|x86.Build.0 = Release|Any CPU
		{4FA3C872-0D03-417A-83A1-5C04707E1492}.Debug|Any CPU.ActiveCfg = Debug|Any CPU
		{4FA3C872-0D03-417A-83A1-5C04707E1492}.Debug|Any CPU.Build.0 = Debug|Any CPU
		{4FA3C872-0D03-417A-83A1-5C04707E1492}.Debug|x64.ActiveCfg = Debug|Any CPU
		{4FA3C872-0D03-417A-83A1-5C04707E1492}.Debug|x64.Build.0 = Debug|Any CPU
		{4FA3C872-0D03-417A-83A1-5C04707E1492}.Debug|x86.ActiveCfg = Debug|Any CPU
		{4FA3C872-0D03-417A-83A1-5C04707E1492}.Debug|x86.Build.0 = Debug|Any CPU
		{4FA3C872-0D03-417A-83A1-5C04707E1492}.Release|Any CPU.ActiveCfg = Release|Any CPU
		{4FA3C872-0D03-417A-83A1-5C04707E1492}.Release|Any CPU.Build.0 = Release|Any CPU
		{4FA3C872-0D03-417A-83A1-5C04707E1492}.Release|x64.ActiveCfg = Release|Any CPU
		{4FA3C872-0D03-417A-83A1-5C04707E1492}.Release|x64.Build.0 = Release|Any CPU
		{4FA3C872-0D03-417A-83A1-5C04707E1492}.Release|x86.ActiveCfg = Release|Any CPU
		{4FA3C872-0D03-417A-83A1-5C04707E1492}.Release|x86.Build.0 = Release|Any CPU
	EndGlobalSection
EndGlobal
